
Microsoft Visual Studio Solution File, Format Version 12.00
# Visual Studio Version 16
VisualStudioVersion = 16.0.29009.5
MinimumVisualStudioVersion = 10.0.40219.1
Project("{FAE04EC0-301F-11D3-BF4B-00C04F79EFBC}") = "NHibernateDemo", "NHibernateDemo\NHibernateDemo.csproj", "{0D127D82-33B2-4B62-9CA2-FAAF095DBB0B}"
EndProject
Project("{9A19103F-16F7-4668-BE54-9A1E7A4F7556}") = "zAppDev.DotNet.Framework", "..\..\zAppDev.DotNet.Framework\src\zAppDev.DotNet.Framework\zAppDev.DotNet.Framework.csproj", "{83B907B5-A7D0-456C-9B1E-C19ED0F85D86}"
EndProject
Global
	GlobalSection(SolutionConfigurationPlatforms) = preSolution
		Debug|Any CPU = Debug|Any CPU
		Release|Any CPU = Release|Any CPU
	EndGlobalSection
	GlobalSection(ProjectConfigurationPlatforms) = postSolution
		{0D127D82-33B2-4B62-9CA2-FAAF095DBB0B}.Debug|Any CPU.ActiveCfg = Debug|Any CPU
		{0D127D82-33B2-4B62-9CA2-FAAF095DBB0B}.Debug|Any CPU.Build.0 = Debug|Any CPU
		{0D127D82-33B2-4B62-9CA2-FAAF095DBB0B}.Release|Any CPU.ActiveCfg = Release|Any CPU
		{0D127D82-33B2-4B62-9CA2-FAAF095DBB0B}.Release|Any CPU.Build.0 = Release|Any CPU
		{83B907B5-A7D0-456C-9B1E-C19ED0F85D86}.Debug|Any CPU.ActiveCfg = Debug|Any CPU
		{83B907B5-A7D0-456C-9B1E-C19ED0F85D86}.Debug|Any CPU.Build.0 = Debug|Any CPU
		{83B907B5-A7D0-456C-9B1E-C19ED0F85D86}.Release|Any CPU.ActiveCfg = Release|Any CPU
		{83B907B5-A7D0-456C-9B1E-C19ED0F85D86}.Release|Any CPU.Build.0 = Release|Any CPU
	EndGlobalSection
	GlobalSection(SolutionProperties) = preSolution
		HideSolutionNode = FALSE
	EndGlobalSection
	GlobalSection(ExtensibilityGlobals) = postSolution
		SolutionGuid = {73BA068A-ADCF-42CA-8004-0BC03787E004}
	EndGlobalSection
EndGlobal
